
Microsoft Visual Studio Solution File, Format Version 12.00
# Visual Studio Version 17
VisualStudioVersion = 17.4.33122.133
MinimumVisualStudioVersion = 10.0.40219.1
Project("{9A19103F-16F7-4668-BE54-9A1E7A4F7556}") = "Builder", "Builder.csproj", "{D743E298-8BED-4435-B22D-C37880DC892D}"
EndProject
Global
	GlobalSection(SolutionConfigurationPlatforms) = preSolution
		Debug|Any CPU = Debug|Any CPU
		Release|Any CPU = Release|Any CPU
	EndGlobalSection
	GlobalSection(ProjectConfigurationPlatforms) = postSolution
		{D743E298-8BED-4435-B22D-C37880DC892D}.Debug|Any CPU.ActiveCfg = Debug|Any CPU
		{D743E298-8BED-4435-B22D-C37880DC892D}.Debug|Any CPU.Build.0 = Debug|Any CPU
		{D743E298-8BED-4435-B22D-C37880DC892D}.Release|Any CPU.ActiveCfg = Release|Any CPU
		{D743E298-8BED-4435-B22D-C37880DC892D}.Release|Any CPU.Build.0 = Release|Any CPU
	EndGlobalSection
	GlobalSection(SolutionProperties) = preSolution
		HideSolutionNode = FALSE
	EndGlobalSection
	GlobalSection(ExtensibilityGlobals) = postSolution
		SolutionGuid = {57B1BE97-D7DF-4066-87FF-AB0F0BAA78A4}
	EndGlobalSection
EndGlobal
